
Microsoft Visual Studio Solution File, Format Version 12.00
# Visual Studio Version 16
VisualStudioVersion = 16.0.30804.86
MinimumVisualStudioVersion = 10.0.40219.1
Project("{9A19103F-16F7-4668-BE54-9A1E7A4F7556}") = "Shop", "Shop\Shop.csproj", "{488D30DF-CF78-4EA0-B6EA-201C2755DD29}"
EndProject
Project("{9A19103F-16F7-4668-BE54-9A1E7A4F7556}") = "ShopWeb_NUnit", "ShopWeb_NUnit\ShopWeb_NUnit.csproj", "{BD2F66F6-A583-413F-A1C5-13388ABE207E}"
EndProject
Global
	GlobalSection(SolutionConfigurationPlatforms) = preSolution
		Debug|Any CPU = Debug|Any CPU
		Release|Any CPU = Release|Any CPU
	EndGlobalSection
	GlobalSection(ProjectConfigurationPlatforms) = postSolution
		{488D30DF-CF78-4EA0-B6EA-201C2755DD29}.Debug|Any CPU.ActiveCfg = Debug|Any CPU
		{488D30DF-CF78-4EA0-B6EA-201C2755DD29}.Debug|Any CPU.Build.0 = Debug|Any CPU
		{488D30DF-CF78-4EA0-B6EA-201C2755DD29}.Release|Any CPU.ActiveCfg = Release|Any CPU
		{488D30DF-CF78-4EA0-B6EA-201C2755DD29}.Release|Any CPU.Build.0 = Release|Any CPU
		{BD2F66F6-A583-413F-A1C5-13388ABE207E}.Debug|Any CPU.ActiveCfg = Debug|Any CPU
		{BD2F66F6-A583-413F-A1C5-13388ABE207E}.Debug|Any CPU.Build.0 = Debug|Any CPU
		{BD2F66F6-A583-413F-A1C5-13388ABE207E}.Release|Any CPU.ActiveCfg = Release|Any CPU
		{BD2F66F6-A583-413F-A1C5-13388ABE207E}.Release|Any CPU.Build.0 = Release|Any CPU
	EndGlobalSection
	GlobalSection(SolutionProperties) = preSolution
		HideSolutionNode = FALSE
	EndGlobalSection
	GlobalSection(ExtensibilityGlobals) = postSolution
		SolutionGuid = {5535C94E-30A2-4495-A737-65E1AE89D51E}
	EndGlobalSection
EndGlobal
